
Microsoft Visual Studio Solution File, Format Version 12.00
# Visual Studio Version 17
VisualStudioVersion = 17.11.35312.102
MinimumVisualStudioVersion = 10.0.40219.1
Project("{FAE04EC0-301F-11D3-BF4B-00C04F79EFBC}") = "ConsoleApp1", "ConsoleApp1\ConsoleApp1.csproj", "{AFD7860C-E766-4441-96FE-D5659B882A1D}"
EndProject
Global
	GlobalSection(SolutionConfigurationPlatforms) = preSolution
		Debug|Any CPU = Debug|Any CPU
		Release|Any CPU = Release|Any CPU
	EndGlobalSection
	GlobalSection(ProjectConfigurationPlatforms) = postSolution
		{AFD7860C-E766-4441-96FE-D5659B882A1D}.Debug|Any CPU.ActiveCfg = Debug|Any CPU
		{AFD7860C-E766-4441-96FE-D5659B882A1D}.Debug|Any CPU.Build.0 = Debug|Any CPU
		{AFD7860C-E766-4441-96FE-D5659B882A1D}.Release|Any CPU.ActiveCfg = Release|Any CPU
		{AFD7860C-E766-4441-96FE-D5659B882A1D}.Release|Any CPU.Build.0 = Release|Any CPU
	EndGlobalSection
	GlobalSection(SolutionProperties) = preSolution
		HideSolutionNode = FALSE
	EndGlobalSection
	GlobalSection(ExtensibilityGlobals) = postSolution
		SolutionGuid = {A1D55D79-8892-4957-91F3-7F303AC0AA39}
	EndGlobalSection
EndGlobal
